
Microsoft Visual Studio Solution File, Format Version 12.00
# Visual Studio Version 16
VisualStudioVersion = 16.0.30320.27
MinimumVisualStudioVersion = 10.0.40219.1
Project("{FAE04EC0-301F-11D3-BF4B-00C04F79EFBC}") = "DatabaseFirst", "DatabaseFirst\DatabaseFirst.csproj", "{06F830D8-9558-4247-80A1-4A005C39EA1F}"
EndProject
Global
	GlobalSection(SolutionConfigurationPlatforms) = preSolution
		Debug|Any CPU = Debug|Any CPU
		Release|Any CPU = Release|Any CPU
	EndGlobalSection
	GlobalSection(ProjectConfigurationPlatforms) = postSolution
		{06F830D8-9558-4247-80A1-4A005C39EA1F}.Debug|Any CPU.ActiveCfg = Debug|Any CPU
		{06F830D8-9558-4247-80A1-4A005C39EA1F}.Debug|Any CPU.Build.0 = Debug|Any CPU
		{06F830D8-9558-4247-80A1-4A005C39EA1F}.Release|Any CPU.ActiveCfg = Release|Any CPU
		{06F830D8-9558-4247-80A1-4A005C39EA1F}.Release|Any CPU.Build.0 = Release|Any CPU
	EndGlobalSection
	GlobalSection(SolutionProperties) = preSolution
		HideSolutionNode = FALSE
	EndGlobalSection
	GlobalSection(ExtensibilityGlobals) = postSolution
		SolutionGuid = {A2099350-1321-4717-A843-51DF4B9F79A6}
	EndGlobalSection
EndGlobal
